
Microsoft Visual Studio Solution File, Format Version 12.00
# Visual Studio Version 17
VisualStudioVersion = 17.11.35327.3
MinimumVisualStudioVersion = 10.0.40219.1
Project("{FAE04EC0-301F-11D3-BF4B-00C04F79EFBC}") = "SchoolProject", "SchoolProject.csproj", "{AAE60BB1-45BB-401A-BE56-709F80355279}"
EndProject
Project("{FAE04EC0-301F-11D3-BF4B-00C04F79EFBC}") = "ADO.NET_SchoolProject", "..\ADO.NET_SchoolProject\ADO.NET_SchoolProject.csproj", "{3311B66C-7E6E-43FC-BC37-03A12E380FAE}"
EndProject
Project("{FAE04EC0-301F-11D3-BF4B-00C04F79EFBC}") = "Loggers_SchoolProject", "..\Loggers_SchoolProject\Loggers_SchoolProject.csproj", "{FD07D2D4-DEED-489F-B5BE-2A29B28FA942}"
EndProject
Global
	GlobalSection(SolutionConfigurationPlatforms) = preSolution
		Debug|Any CPU = Debug|Any CPU
		Release|Any CPU = Release|Any CPU
	EndGlobalSection
	GlobalSection(ProjectConfigurationPlatforms) = postSolution
		{AAE60BB1-45BB-401A-BE56-709F80355279}.Debug|Any CPU.ActiveCfg = Debug|Any CPU
		{AAE60BB1-45BB-401A-BE56-709F80355279}.Debug|Any CPU.Build.0 = Debug|Any CPU
		{AAE60BB1-45BB-401A-BE56-709F80355279}.Release|Any CPU.ActiveCfg = Release|Any CPU
		{AAE60BB1-45BB-401A-BE56-709F80355279}.Release|Any CPU.Build.0 = Release|Any CPU
		{3311B66C-7E6E-43FC-BC37-03A12E380FAE}.Debug|Any CPU.ActiveCfg = Debug|Any CPU
		{3311B66C-7E6E-43FC-BC37-03A12E380FAE}.Debug|Any CPU.Build.0 = Debug|Any CPU
		{3311B66C-7E6E-43FC-BC37-03A12E380FAE}.Release|Any CPU.ActiveCfg = Release|Any CPU
		{3311B66C-7E6E-43FC-BC37-03A12E380FAE}.Release|Any CPU.Build.0 = Release|Any CPU
		{FD07D2D4-DEED-489F-B5BE-2A29B28FA942}.Debug|Any CPU.ActiveCfg = Debug|Any CPU
		{FD07D2D4-DEED-489F-B5BE-2A29B28FA942}.Debug|Any CPU.Build.0 = Debug|Any CPU
		{FD07D2D4-DEED-489F-B5BE-2A29B28FA942}.Release|Any CPU.ActiveCfg = Release|Any CPU
		{FD07D2D4-DEED-489F-B5BE-2A29B28FA942}.Release|Any CPU.Build.0 = Release|Any CPU
	EndGlobalSection
	GlobalSection(SolutionProperties) = preSolution
		HideSolutionNode = FALSE
	EndGlobalSection
	GlobalSection(ExtensibilityGlobals) = postSolution
		SolutionGuid = {002FD458-DBB8-41E8-BAB2-73081E680900}
	EndGlobalSection
EndGlobal
